// !$*UTF8*$!
{
	archiveVersion = 1;
	classes = {
	};
	objectVersion = 46;
	objects = {

/* Begin PBXBuildFile section */
		2B6B9B391DDA2C540091FEAF /* main.m in Sources */ = {isa = PBXBuildFile; fileRef = 2B6B9B381DDA2C540091FEAF /* main.m */; };
		2B6B9B3C1DDA2C540091FEAF /* AppDelegate.m in Sources */ = {isa = PBXBuildFile; fileRef = 2B6B9B3B1DDA2C540091FEAF /* AppDelegate.m */; };
		2B6B9B3F1DDA2C540091FEAF /* ViewController.m in Sources */ = {isa = PBXBuildFile; fileRef = 2B6B9B3E1DDA2C540091FEAF /* ViewController.m */; };
		2B6B9B421DDA2C540091FEAF /* Main.storyboard in Resources */ = {isa = PBXBuildFile; fileRef = 2B6B9B401DDA2C540091FEAF /* Main.storyboard */; };
		2B6B9B441DDA2C540091FEAF /* Assets.xcassets in Resources */ = {isa = PBXBuildFile; fileRef = 2B6B9B431DDA2C540091FEAF /* Assets.xcassets */; };
		2B6B9B471DDA2C540091FEAF /* LaunchScreen.storyboard in Resources */ = {isa = PBXBuildFile; fileRef = 2B6B9B451DDA2C540091FEAF /* LaunchScreen.storyboard */; };
		2B6B9B521DDA2C540091FEAF /* ScrollViewImageGalleriesTests.m in Sources */ = {isa = PBXBuildFile; fileRef = 2B6B9B511DDA2C540091FEAF /* ScrollViewImageGalleriesTests.m */; };
		2B6B9B5D1DDA2C540091FEAF /* ScrollViewImageGalleriesUITests.m in Sources */ = {isa = PBXBuildFile; fileRef = 2B6B9B5C1DDA2C540091FEAF /* ScrollViewImageGalleriesUITests.m */; };
		2B6B9B6C1DDA35640091FEAF /* ScrollViewController.m in Sources */ = {isa = PBXBuildFile; fileRef = 2B6B9B6B1DDA35640091FEAF /* ScrollViewController.m */; };
/* End PBXBuildFile section */

/* Begin PBXContainerItemProxy section */
		2B6B9B4E1DDA2C540091FEAF /* PBXContainerItemProxy */ = {
			isa = PBXContainerItemProxy;
			containerPortal = 2B6B9B2C1DDA2C540091FEAF /* Project object */;
			proxyType = 1;
			remoteGlobalIDString = 2B6B9B331DDA2C540091FEAF;
			remoteInfo = ScrollViewImageGalleries;
		};
		2B6B9B591DDA2C540091FEAF /* PBXContainerItemProxy */ = {
			isa = PBXContainerItemProxy;
			containerPortal = 2B6B9B2C1DDA2C540091FEAF /* Project object */;
			proxyType = 1;
			remoteGlobalIDString = 2B6B9B331DDA2C540091FEAF;
			remoteInfo = ScrollViewImageGalleries;
		};
/* End PBXContainerItemProxy section */

/* Begin PBXFileReference section */
		2B6B9B341DDA2C540091FEAF /* ScrollViewImageGalleries.app */ = {isa = PBXFileReference; explicitFileType = wrapper.application; includeInIndex = 0; path = ScrollViewImageGalleries.app; sourceTree = BUILT_PRODUCTS_DIR; };
		2B6B9B381DDA2C540091FEAF /* main.m */ = {isa = PBXFileReference; lastKnownFileType = sourcecode.c.objc; path = main.m; sourceTree = "<group>"; };
		2B6B9B3A1DDA2C540091FEAF /* AppDelegate.h */ = {isa = PBXFileReference; lastKnownFileType = sourcecode.c.h; path = AppDelegate.h; sourceTree = "<group>"; };
		2B6B9B3B1DDA2C540091FEAF /* AppDelegate.m */ = {isa = PBXFileReference; lastKnownFileType = sourcecode.c.objc; path = AppDelegate.m; sourceTree = "<group>"; };
		2B6B9B3D1DDA2C540091FEAF /* ViewController.h */ = {isa = PBXFileReference; lastKnownFileType = sourcecode.c.h; path = ViewController.h; sourceTree = "<group>"; };
		2B6B9B3E1DDA2C540091FEAF /* ViewController.m */ = {isa = PBXFileReference; lastKnownFileType = sourcecode.c.objc; path = ViewController.m; sourceTree = "<group>"; };
		2B6B9B411DDA2C540091FEAF /* Base */ = {isa = PBXFileReference; lastKnownFileType = file.storyboard; name = Base; path = Base.lproj/Main.storyboard; sourceTree = "<group>"; };
		2B6B9B431DDA2C540091FEAF /* Assets.xcassets */ = {isa = PBXFileReference; lastKnownFileType = folder.assetcatalog; path = Assets.xcassets; sourceTree = "<group>"; };
		2B6B9B461DDA2C540091FEAF /* Base */ = {isa = PBXFileReference; lastKnownFileType = file.storyboard; name = Base; path = Base.lproj/LaunchScreen.storyboard; sourceTree = "<group>"; };
		2B6B9B481DDA2C540091FEAF /* Info.plist */ = {isa = PBXFileReference; lastKnownFileType = text.plist.xml; path = Info.plist; sourceTree = "<group>"; };
		2B6B9B4D1DDA2C540091FEAF /* ScrollViewImageGalleriesTests.xctest */ = {isa = PBXFileReference; explicitFileType = wrapper.cfbundle; includeInIndex = 0; path = ScrollViewImageGalleriesTests.xctest; sourceTree = BUILT_PRODUCTS_DIR; };
		2B6B9B511DDA2C540091FEAF /* ScrollViewImageGalleriesTests.m */ = {isa = PBXFileReference; lastKnownFileType = sourcecode.c.objc; path = ScrollViewImageGalleriesTests.m; sourceTree = "<group>"; };
		2B6B9B531DDA2C540091FEAF /* Info.plist */ = {isa = PBXFileReference; lastKnownFileType = text.plist.xml; path = Info.plist; sourceTree = "<group>"; };
		2B6B9B581DDA2C540091FEAF /* ScrollViewImageGalleriesUITests.xctest */ = {isa = PBXFileReference; explicitFileType = wrapper.cfbundle; includeInIndex = 0; path = ScrollViewImageGalleriesUITests.xctest; sourceTree = BUILT_PRODUCTS_DIR; };
		2B6B9B5C1DDA2C540091FEAF /* ScrollViewImageGalleriesUITests.m */ = {isa = PBXFileReference; lastKnownFileType = sourcecode.c.objc; path = ScrollViewImageGalleriesUITests.m; sourceTree = "<group>"; };
		2B6B9B5E1DDA2C540091FEAF /* Info.plist */ = {isa = PBXFileReference; lastKnownFileType = text.plist.xml; path = Info.plist; sourceTree = "<group>"; };
		2B6B9B6A1DDA35640091FEAF /* ScrollViewController.h */ = {isa = PBXFileReference; fileEncoding = 4; lastKnownFileType = sourcecode.c.h; path = ScrollViewController.h; sourceTree = "<group>"; };
		2B6B9B6B1DDA35640091FEAF /* ScrollViewController.m */ = {isa = PBXFileReference; fileEncoding = 4; lastKnownFileType = sourcecode.c.objc; path = ScrollViewController.m; sourceTree = "<group>"; };
/* End PBXFileReference section */

/* Begin PBXFrameworksBuildPhase section */
		2B6B9B311DDA2C540091FEAF /* Frameworks */ = {
			isa = PBXFrameworksBuildPhase;
			buildActionMask = 2147483647;
			files = (
			);
			runOnlyForDeploymentPostprocessing = 0;
		};
		2B6B9B4A1DDA2C540091FEAF /* Frameworks */ = {
			isa = PBXFrameworksBuildPhase;
			buildActionMask = 2147483647;
			files = (
			);
			runOnlyForDeploymentPostprocessing = 0;
		};
		2B6B9B551DDA2C540091FEAF /* Frameworks */ = {
			isa = PBXFrameworksBuildPhase;
			buildActionMask = 2147483647;
			files = (
			);
			runOnlyForDeploymentPostprocessing = 0;
		};
/* End PBXFrameworksBuildPhase section */

/* Begin PBXGroup section */
		2B6B9B2B1DDA2C540091FEAF = {
			isa = PBXGroup;
			children = (
				2B6B9B361DDA2C540091FEAF /* ScrollViewImageGalleries */,
				2B6B9B501DDA2C540091FEAF /* ScrollViewImageGalleriesTests */,
				2B6B9B5B1DDA2C540091FEAF /* ScrollViewImageGalleriesUITests */,
				2B6B9B351DDA2C540091FEAF /* Products */,
			);
			sourceTree = "<group>";
		};
		2B6B9B351DDA2C540091FEAF /* Products */ = {
			isa = PBXGroup;
			children = (
				2B6B9B341DDA2C540091FEAF /* ScrollViewImageGalleries.app */,
				2B6B9B4D1DDA2C540091FEAF /* ScrollViewImageGalleriesTests.xctest */,
				2B6B9B581DDA2C540091FEAF /* ScrollViewImageGalleriesUITests.xctest */,
			);
			name = Products;
			sourceTree = "<group>";
		};
		2B6B9B361DDA2C540091FEAF /* ScrollViewImageGalleries */ = {
			isa = PBXGroup;
			children = (
				2B6B9B3A1DDA2C540091FEAF /* AppDelegate.h */,
				2B6B9B3B1DDA2C540091FEAF /* AppDelegate.m */,
				2B6B9B3D1DDA2C540091FEAF /* ViewController.h */,
				2B6B9B3E1DDA2C540091FEAF /* ViewController.m */,
				2B6B9B6A1DDA35640091FEAF /* ScrollViewController.h */,
				2B6B9B6B1DDA35640091FEAF /* ScrollViewController.m */,
				2B6B9B401DDA2C540091FEAF /* Main.storyboard */,
				2B6B9B431DDA2C540091FEAF /* Assets.xcassets */,
				2B6B9B451DDA2C540091FEAF /* LaunchScreen.storyboard */,
				2B6B9B481DDA2C540091FEAF /* Info.plist */,
				2B6B9B371DDA2C540091FEAF /* Supporting Files */,
			);
			path = ScrollViewImageGalleries;
			sourceTree = "<group>";
		};
		2B6B9B371DDA2C540091FEAF /* Supporting Files */ = {
			isa = PBXGroup;
			children = (
				2B6B9B381DDA2C540091FEAF /* main.m */,
			);
			name = "Supporting Files";
			sourceTree = "<group>";
		};
		2B6B9B501DDA2C540091FEAF /* ScrollViewImageGalleriesTests */ = {
			isa = PBXGroup;
			children = (
				2B6B9B511DDA2C540091FEAF /* ScrollViewImageGalleriesTests.m */,
				2B6B9B531DDA2C540091FEAF /* Info.plist */,
			);
			path = ScrollViewImageGalleriesTests;
			sourceTree = "<group>";
		};
		2B6B9B5B1DDA2C540091FEAF /* ScrollViewImageGalleriesUITests */ = {
			isa = PBXGroup;
			children = (
				2B6B9B5C1DDA2C540091FEAF /* ScrollViewImageGalleriesUITests.m */,
				2B6B9B5E1DDA2C540091FEAF /* Info.plist */,
			);
			path = ScrollViewImageGalleriesUITests;
			sourceTree = "<group>";
		};
/* End PBXGroup section */

/* Begin PBXNativeTarget section */
		2B6B9B331DDA2C540091FEAF /* ScrollViewImageGalleries */ = {
			isa = PBXNativeTarget;
			buildConfigurationList = 2B6B9B611DDA2C540091FEAF /* Build configuration list for PBXNativeTarget "ScrollViewImageGalleries" */;
			buildPhases = (
				2B6B9B301DDA2C540091FEAF /* Sources */,
				2B6B9B311DDA2C540091FEAF /* Frameworks */,
				2B6B9B321DDA2C540091FEAF /* Resources */,
			);
			buildRules = (
			);
			dependencies = (
			);
			name = ScrollViewImageGalleries;
			productName = ScrollViewImageGalleries;
			productReference = 2B6B9B341DDA2C540091FEAF /* ScrollViewImageGalleries.app */;
			productType = "com.apple.product-type.application";
		};
		2B6B9B4C1DDA2C540091FEAF /* ScrollViewImageGalleriesTests */ = {
			isa = PBXNativeTarget;
			buildConfigurationList = 2B6B9B641DDA2C540091FEAF /* Build configuration list for PBXNativeTarget "ScrollViewImageGalleriesTests" */;
			buildPhases = (
				2B6B9B491DDA2C540091FEAF /* Sources */,
				2B6B9B4A1DDA2C540091FEAF /* Frameworks */,
				2B6B9B4B1DDA2C540091FEAF /* Resources */,
			);
			buildRules = (
			);
			dependencies = (
				2B6B9B4F1DDA2C540091FEAF /* PBXTargetDependency */,
			);
			name = ScrollViewImageGalleriesTests;
			productName = ScrollViewImageGalleriesTests;
			productReference = 2B6B9B4D1DDA2C540091FEAF /* ScrollViewImageGalleriesTests.xctest */;
			productType = "com.apple.product-type.bundle.unit-test";
		};
		2B6B9B571DDA2C540091FEAF /* ScrollViewImageGalleriesUITests */ = {
			isa = PBXNativeTarget;
			buildConfigurationList = 2B6B9B671DDA2C540091FEAF /* Build configuration list for PBXNativeTarget "ScrollViewImageGalleriesUITests" */;
			buildPhases = (
				2B6B9B541DDA2C540091FEAF /* Sources */,
				2B6B9B551DDA2C540091FEAF /* Frameworks */,
				2B6B9B561DDA2C540091FEAF /* Resources */,
			);
			buildRules = (
			);
			dependencies = (
				2B6B9B5A1DDA2C540091FEAF /* PBXTargetDependency */,
			);
			name = ScrollViewImageGalleriesUITests;
			productName = ScrollViewImageGalleriesUITests;
			productReference = 2B6B9B581DDA2C540091FEAF /* ScrollViewImageGalleriesUITests.xctest */;
			productType = "com.apple.product-type.bundle.ui-testing";
		};
/* End PBXNativeTarget section */

/* Begin PBXProject section */
		2B6B9B2C1DDA2C540091FEAF /* Project object */ = {
			isa = PBXProject;
			attributes = {
				LastUpgradeCheck = 0810;
				ORGANIZATIONNAME = "Victor Hong";
				TargetAttributes = {
					2B6B9B331DDA2C540091FEAF = {
						CreatedOnToolsVersion = 8.1;
						ProvisioningStyle = Automatic;
					};
					2B6B9B4C1DDA2C540091FEAF = {
						CreatedOnToolsVersion = 8.1;
						ProvisioningStyle = Automatic;
						TestTargetID = 2B6B9B331DDA2C540091FEAF;
					};
					2B6B9B571DDA2C540091FEAF = {
						CreatedOnToolsVersion = 8.1;
						ProvisioningStyle = Automatic;
						TestTargetID = 2B6B9B331DDA2C540091FEAF;
					};
				};
			};
			buildConfigurationList = 2B6B9B2F1DDA2C540091FEAF /* Build configuration list for PBXProject "ScrollViewImageGalleries" */;
			compatibilityVersion = "Xcode 3.2";
			developmentRegion = English;
			hasScannedForEncodings = 0;
			knownRegions = (
				en,
				Base,
			);
			mainGroup = 2B6B9B2B1DDA2C540091FEAF;
			productRefGroup = 2B6B9B351DDA2C540091FEAF /* Products */;
			projectDirPath = "";
			projectRoot = "";
			targets = (
				2B6B9B331DDA2C540091FEAF /* ScrollViewImageGalleries */,
				2B6B9B4C1DDA2C540091FEAF /* ScrollViewImageGalleriesTests */,
				2B6B9B571DDA2C540091FEAF /* ScrollViewImageGalleriesUITests */,
			);
		};
/* End PBXProject section */

/* Begin PBXResourcesBuildPhase section */
		2B6B9B321DDA2C540091FEAF /* Resources */ = {
			isa = PBXResourcesBuildPhase;
			buildActionMask = 2147483647;
			files = (
				2B6B9B471DDA2C540091FEAF /* LaunchScreen.storyboard in Resources */,
				2B6B9B441DDA2C540091FEAF /* Assets.xcassets in Resources */,
				2B6B9B421DDA2C540091FEAF /* Main.storyboard in Resources */,
			);
			runOnlyForDeploymentPostprocessing = 0;
		};
		2B6B9B4B1DDA2C540091FEAF /* Resources */ = {
			isa = PBXResourcesBuildPhase;
			buildActionMask = 2147483647;
			files = (
			);
			runOnlyForDeploymentPostprocessing = 0;
		};
		2B6B9B561DDA2C540091FEAF /* Resources */ = {
			isa = PBXResourcesBuildPhase;
			buildActionMask = 2147483647;
			files = (
			);
			runOnlyForDeploymentPostprocessing = 0;
		};
/* End PBXResourcesBuildPhase section */

/* Begin PBXSourcesBuildPhase section */
		2B6B9B301DDA2C540091FEAF /* Sources */ = {
			isa = PBXSourcesBuildPhase;
			buildActionMask = 2147483647;
			files = (
				2B6B9B3F1DDA2C540091FEAF /* ViewController.m in Sources */,
				2B6B9B3C1DDA2C540091FEAF /* AppDelegate.m in Sources */,
				2B6B9B391DDA2C540091FEAF /* main.m in Sources */,
				2B6B9B6C1DDA35640091FEAF /* ScrollViewController.m in Sources */,
			);
			runOnlyForDeploymentPostprocessing = 0;
		};
		2B6B9B491DDA2C540091FEAF /* Sources */ = {
			isa = PBXSourcesBuildPhase;
			buildActionMask = 2147483647;
			files = (
				2B6B9B521DDA2C540091FEAF /* ScrollViewImageGalleriesTests.m in Sources */,
			);
			runOnlyForDeploymentPostprocessing = 0;
		};
		2B6B9B541DDA2C540091FEAF /* Sources */ = {
			isa = PBXSourcesBuildPhase;
			buildActionMask = 2147483647;
			files = (
				2B6B9B5D1DDA2C540091FEAF /* ScrollViewImageGalleriesUITests.m in Sources */,
			);
			runOnlyForDeploymentPostprocessing = 0;
		};
/* End PBXSourcesBuildPhase section */

/* Begin PBXTargetDependency section */
		2B6B9B4F1DDA2C540091FEAF /* PBXTargetDependency */ = {
			isa = PBXTargetDependency;
			target = 2B6B9B331DDA2C540091FEAF /* ScrollViewImageGalleries */;
			targetProxy = 2B6B9B4E1DDA2C540091FEAF /* PBXContainerItemProxy */;
		};
		2B6B9B5A1DDA2C540091FEAF /* PBXTargetDependency */ = {
			isa = PBXTargetDependency;
			target = 2B6B9B331DDA2C540091FEAF /* ScrollViewImageGalleries */;
			targetProxy = 2B6B9B591DDA2C540091FEAF /* PBXContainerItemProxy */;
		};
/* End PBXTargetDependency section */

/* Begin PBXVariantGroup section */
		2B6B9B401DDA2C540091FEAF /* Main.storyboard */ = {
			isa = PBXVariantGroup;
			children = (
				2B6B9B411DDA2C540091FEAF /* Base */,
			);
			name = Main.storyboard;
			sourceTree = "<group>";
		};
		2B6B9B451DDA2C540091FEAF /* LaunchScreen.storyboard */ = {
			isa = PBXVariantGroup;
			children = (
				2B6B9B461DDA2C540091FEAF /* Base */,
			);
			name = LaunchScreen.storyboard;
			sourceTree = "<group>";
		};
/* End PBXVariantGroup section */

/* Begin XCBuildConfiguration section */
		2B6B9B5F1DDA2C540091FEAF /* Debug */ = {
			isa = XCBuildConfiguration;
			buildSettings = {
				ALWAYS_SEARCH_USER_PATHS = NO;
				CLANG_ANALYZER_NONNULL = YES;
				CLANG_CXX_LANGUAGE_STANDARD = "gnu++0x";
				CLANG_CXX_LIBRARY = "libc++";
				CLANG_ENABLE_MODULES = YES;
				CLANG_ENABLE_OBJC_ARC = YES;
				CLANG_WARN_BOOL_CONVERSION = YES;
				CLANG_WARN_CONSTANT_CONVERSION = YES;
				CLANG_WARN_DIRECT_OBJC_ISA_USAGE = YES_ERROR;
				CLANG_WARN_DOCUMENTATION_COMMENTS = YES;
				CLANG_WARN_EMPTY_BODY = YES;
				CLANG_WARN_ENUM_CONVERSION = YES;
				CLANG_WARN_INFINITE_RECURSION = YES;
				CLANG_WARN_INT_CONVERSION = YES;
				CLANG_WARN_OBJC_ROOT_CLASS = YES_ERROR;
				CLANG_WARN_SUSPICIOUS_MOVES = YES;
				CLANG_WARN_UNREACHABLE_CODE = YES;
				CLANG_WARN__DUPLICATE_METHOD_MATCH = YES;
				"CODE_SIGN_IDENTITY[sdk=iphoneos*]" = "iPhone Developer";
				COPY_PHASE_STRIP = NO;
				DEBUG_INFORMATION_FORMAT = dwarf;
				ENABLE_STRICT_OBJC_MSGSEND = YES;
				ENABLE_TESTABILITY = YES;
				GCC_C_LANGUAGE_STANDARD = gnu99;
				GCC_DYNAMIC_NO_PIC = NO;
				GCC_NO_COMMON_BLOCKS = YES;
				GCC_OPTIMIZATION_LEVEL = 0;
				GCC_PREPROCESSOR_DEFINITIONS = (
					"DEBUG=1",
					"$(inherited)",
				);
				GCC_WARN_64_TO_32_BIT_CONVERSION = YES;
				GCC_WARN_ABOUT_RETURN_TYPE = YES_ERROR;
				GCC_WARN_UNDECLARED_SELECTOR = YES;
				GCC_WARN_UNINITIALIZED_AUTOS = YES_AGGRESSIVE;
				GCC_WARN_UNUSED_FUNCTION = YES;
				GCC_WARN_UNUSED_VARIABLE = YES;
				IPHONEOS_DEPLOYMENT_TARGET = 10.1;
				MTL_ENABLE_DEBUG_INFO = YES;
				ONLY_ACTIVE_ARCH = YES;
				SDKROOT = iphoneos;
				TARGETED_DEVICE_FAMILY = "1,2";
			};
			name = Debug;
		};
		2B6B9B601DDA2C540091FEAF /* Release */ = {
			isa = XCBuildConfiguration;
			buildSettings = {
				ALWAYS_SEARCH_USER_PATHS = NO;
				CLANG_ANALYZER_NONNULL = YES;
				CLANG_CXX_LANGUAGE_STANDARD = "gnu++0x";
				CLANG_CXX_LIBRARY = "libc++";
				CLANG_ENABLE_MODULES = YES;
				CLANG_ENABLE_OBJC_ARC = YES;
				CLANG_WARN_BOOL_CONVERSION = YES;
				CLANG_WARN_CONSTANT_CONVERSION = YES;
				CLANG_WARN_DIRECT_OBJC_ISA_USAGE = YES_ERROR;
				CLANG_WARN_DOCUMENTATION_COMMENTS = YES;
				CLANG_WARN_EMPTY_BODY = YES;
				CLANG_WARN_ENUM_CONVERSION = YES;
				CLANG_WARN_INFINITE_RECURSION = YES;
				CLANG_WARN_INT_CONVERSION = YES;
				CLANG_WARN_OBJC_ROOT_CLASS = YES_ERROR;
				CLANG_WARN_SUSPICIOUS_MOVES = YES;
				CLANG_WARN_UNREACHABLE_CODE = YES;
				CLANG_WARN__DUPLICATE_METHOD_MATCH = YES;
				"CODE_SIGN_IDENTITY[sdk=iphoneos*]" = "iPhone Developer";
				COPY_PHASE_STRIP = NO;
				DEBUG_INFORMATION_FORMAT = "dwarf-with-dsym";
				ENABLE_NS_ASSERTIONS = NO;
				ENABLE_STRICT_OBJC_MSGSEND = YES;
				GCC_C_LANGUAGE_STANDARD = gnu99;
				GCC_NO_COMMON_BLOCKS = YES;
				GCC_WARN_64_TO_32_BIT_CONVERSION = YES;
				GCC_WARN_ABOUT_RETURN_TYPE = YES_ERROR;
				GCC_WARN_UNDECLARED_SELECTOR = YES;
				GCC_WARN_UNINITIALIZED_AUTOS = YES_AGGRESSIVE;
				GCC_WARN_UNUSED_FUNCTION = YES;
				GCC_WARN_UNUSED_VARIABLE = YES;
				IPHONEOS_DEPLOYMENT_TARGET = 10.1;
				MTL_ENABLE_DEBUG_INFO = NO;
				SDKROOT = iphoneos;
				TARGETED_DEVICE_FAMILY = "1,2";
				VALIDATE_PRODUCT = YES;
			};
			name = Release;
		};
		2B6B9B621DDA2C540091FEAF /* Debug */ = {
			isa = XCBuildConfiguration;
			buildSettings = {
				ASSETCATALOG_COMPILER_APPICON_NAME = AppIcon;
				INFOPLIST_FILE = ScrollViewImageGalleries/Info.plist;
				LD_RUNPATH_SEARCH_PATHS = "$(inherited) @executable_path/Frameworks";
				PRODUCT_BUNDLE_IDENTIFIER = com.victorhong.ScrollViewImageGalleries;
				PRODUCT_NAME = "$(TARGET_NAME)";
			};
			name = Debug;
		};
		2B6B9B631DDA2C540091FEAF /* Release */ = {
			isa = XCBuildConfiguration;
			buildSettings = {
				ASSETCATALOG_COMPILER_APPICON_NAME = AppIcon;
				INFOPLIST_FILE = ScrollViewImageGalleries/Info.plist;
				LD_RUNPATH_SEARCH_PATHS = "$(inherited) @executable_path/Frameworks";
				PRODUCT_BUNDLE_IDENTIFIER = com.victorhong.ScrollViewImageGalleries;
				PRODUCT_NAME = "$(TARGET_NAME)";
			};
			name = Release;
		};
		2B6B9B651DDA2C540091FEAF /* Debug */ = {
			isa = XCBuildConfiguration;
			buildSettings = {
				BUNDLE_LOADER = "$(TEST_HOST)";
				INFOPLIST_FILE = ScrollViewImageGalleriesTests/Info.plist;
				LD_RUNPATH_SEARCH_PATHS = "$(inherited) @executable_path/Frameworks @loader_path/Frameworks";
				PRODUCT_BUNDLE_IDENTIFIER = com.victorhong.ScrollViewImageGalleriesTests;
				PRODUCT_NAME = "$(TARGET_NAME)";
				TEST_HOST = "$(BUILT_PRODUCTS_DIR)/ScrollViewImageGalleries.app/ScrollViewImageGalleries";
			};
			name = Debug;
		};
		2B6B9B661DDA2C540091FEAF /* Release */ = {
			isa = XCBuildConfiguration;
			buildSettings = {
				BUNDLE_LOADER = "$(TEST_HOST)";
				INFOPLIST_FILE = ScrollViewImageGalleriesTests/Info.plist;
				LD_RUNPATH_SEARCH_PATHS = "$(inherited) @executable_path/Frameworks @loader_path/Frameworks";
				PRODUCT_BUNDLE_IDENTIFIER = com.victorhong.ScrollViewImageGalleriesTests;
				PRODUCT_NAME = "$(TARGET_NAME)";
				TEST_HOST = "$(BUILT_PRODUCTS_DIR)/ScrollViewImageGalleries.app/ScrollViewImageGalleries";
			};
			name = Release;
		};
		2B6B9B681DDA2C540091FEAF /* Debug */ = {
			isa = XCBuildConfiguration;
			buildSettings = {
				INFOPLIST_FILE = ScrollViewImageGalleriesUITests/Info.plist;
				LD_RUNPATH_SEARCH_PATHS = "$(inherited) @executable_path/Frameworks @loader_path/Frameworks";
				PRODUCT_BUNDLE_IDENTIFIER = com.victorhong.ScrollViewImageGalleriesUITests;
				PRODUCT_NAME = "$(TARGET_NAME)";
				TEST_TARGET_NAME = ScrollViewImageGalleries;
			};
			name = Debug;
		};
		2B6B9B691DDA2C540091FEAF /* Release */ = {
			isa = XCBuildConfiguration;
			buildSettings = {
				INFOPLIST_FILE = ScrollViewImageGalleriesUITests/Info.plist;
				LD_RUNPATH_SEARCH_PATHS = "$(inherited) @executable_path/Frameworks @loader_path/Frameworks";
				PRODUCT_BUNDLE_IDENTIFIER = com.victorhong.ScrollViewImageGalleriesUITests;
				PRODUCT_NAME = "$(TARGET_NAME)";
				TEST_TARGET_NAME = ScrollViewImageGalleries;
			};
			name = Release;
		};
/* End XCBuildConfiguration section */

/* Begin XCConfigurationList section */
		2B6B9B2F1DDA2C540091FEAF /* Build configuration list for PBXProject "ScrollViewImageGalleries" */ = {
			isa = XCConfigurationList;
			buildConfigurations = (
				2B6B9B5F1DDA2C540091FEAF /* Debug */,
				2B6B9B601DDA2C540091FEAF /* Release */,
			);
			defaultConfigurationIsVisible = 0;
			defaultConfigurationName = Release;
		};
		2B6B9B611DDA2C540091FEAF /* Build configuration list for PBXNativeTarget "ScrollViewImageGalleries" */ = {
			isa = XCConfigurationList;
			buildConfigurations = (
				2B6B9B621DDA2C540091FEAF /* Debug */,
				2B6B9B631DDA2C540091FEAF /* Release */,
			);
			defaultConfigurationIsVisible = 0;
		};
		2B6B9B641DDA2C540091FEAF /* Build configuration list for PBXNativeTarget "ScrollViewImageGalleriesTests" */ = {
			isa = XCConfigurationList;
			buildConfigurations = (
				2B6B9B651DDA2C540091FEAF /* Debug */,
				2B6B9B661DDA2C540091FEAF /* Release */,
			);
			defaultConfigurationIsVisible = 0;
		};
		2B6B9B671DDA2C540091FEAF /* Build configuration list for PBXNativeTarget "ScrollViewImageGalleriesUITests" */ = {
			isa = XCConfigurationList;
			buildConfigurations = (
				2B6B9B681DDA2C540091FEAF /* Debug */,
				2B6B9B691DDA2C540091FEAF /* Release */,
			);
			defaultConfigurationIsVisible = 0;
		};
/* End XCConfigurationList section */
	};
	rootObject = 2B6B9B2C1DDA2C540091FEAF /* Project object */;
}
